
Microsoft Visual Studio Solution File, Format Version 12.00
# Visual Studio Version 17
VisualStudioVersion = 17.0.31521.260
MinimumVisualStudioVersion = 10.0.40219.1
Project("{9A19103F-16F7-4668-BE54-9A1E7A4F7556}") = "DotNet.Util", "DotNet.Util\DotNet.Util.csproj", "{F771F81A-DCC3-4D5F-9643-5184FE5B0E6F}"
EndProject
Project("{9A19103F-16F7-4668-BE54-9A1E7A4F7556}") = "DotNet.Util.Cache", "DotNet.Util.Cache\DotNet.Util.Cache.csproj", "{AB8BAAEF-A930-485C-A4E3-B0691688366C}"
EndProject
Project("{9A19103F-16F7-4668-BE54-9A1E7A4F7556}") = "DotNet.Util.Plus", "DotNet.Util.Plus\DotNet.Util.Plus.csproj", "{B7C52209-978A-437F-8A87-31A040CCE30E}"
EndProject
Project("{9A19103F-16F7-4668-BE54-9A1E7A4F7556}") = "DotNet.Util.Db", "DotNet.Util.Db\DotNet.Util.Db.csproj", "{B90F3549-BE46-4BCC-942A-328AFCBF6F57}"
EndProject
Project("{9A19103F-16F7-4668-BE54-9A1E7A4F7556}") = "DotNet.Model", "DotNet.Model\DotNet.Model.csproj", "{04C95C83-267D-4524-99E4-349E34E72E80}"
EndProject
Project("{9A19103F-16F7-4668-BE54-9A1E7A4F7556}") = "DotNet.Business", "DotNet.Business\DotNet.Business.csproj", "{EEFB10F9-33BA-427D-8AF3-6D9B31ED97DF}"
EndProject
Project("{9A19103F-16F7-4668-BE54-9A1E7A4F7556}") = "DotNet.IService", "DotNet.IService\DotNet.IService.csproj", "{8C000DF4-68CD-4E13-B641-A42744242776}"
EndProject
Project("{9A19103F-16F7-4668-BE54-9A1E7A4F7556}") = "DotNet.Business.Web", "DotNet.Business.Web\DotNet.Business.Web.csproj", "{D28A7016-B114-4BFD-9BBC-884BCE039DF5}"
EndProject
Global
	GlobalSection(SolutionConfigurationPlatforms) = preSolution
		Debug|Any CPU = Debug|Any CPU
		Release|Any CPU = Release|Any CPU
	EndGlobalSection
	GlobalSection(ProjectConfigurationPlatforms) = postSolution
		{F771F81A-DCC3-4D5F-9643-5184FE5B0E6F}.Debug|Any CPU.ActiveCfg = Debug|Any CPU
		{F771F81A-DCC3-4D5F-9643-5184FE5B0E6F}.Debug|Any CPU.Build.0 = Debug|Any CPU
		{F771F81A-DCC3-4D5F-9643-5184FE5B0E6F}.Release|Any CPU.ActiveCfg = Release|Any CPU
		{F771F81A-DCC3-4D5F-9643-5184FE5B0E6F}.Release|Any CPU.Build.0 = Release|Any CPU
		{AB8BAAEF-A930-485C-A4E3-B0691688366C}.Debug|Any CPU.ActiveCfg = Debug|Any CPU
		{AB8BAAEF-A930-485C-A4E3-B0691688366C}.Debug|Any CPU.Build.0 = Debug|Any CPU
		{AB8BAAEF-A930-485C-A4E3-B0691688366C}.Release|Any CPU.ActiveCfg = Release|Any CPU
		{AB8BAAEF-A930-485C-A4E3-B0691688366C}.Release|Any CPU.Build.0 = Release|Any CPU
		{B7C52209-978A-437F-8A87-31A040CCE30E}.Debug|Any CPU.ActiveCfg = Debug|Any CPU
		{B7C52209-978A-437F-8A87-31A040CCE30E}.Debug|Any CPU.Build.0 = Debug|Any CPU
		{B7C52209-978A-437F-8A87-31A040CCE30E}.Release|Any CPU.ActiveCfg = Release|Any CPU
		{B7C52209-978A-437F-8A87-31A040CCE30E}.Release|Any CPU.Build.0 = Release|Any CPU
		{B90F3549-BE46-4BCC-942A-328AFCBF6F57}.Debug|Any CPU.ActiveCfg = Debug|Any CPU
		{B90F3549-BE46-4BCC-942A-328AFCBF6F57}.Debug|Any CPU.Build.0 = Debug|Any CPU
		{B90F3549-BE46-4BCC-942A-328AFCBF6F57}.Release|Any CPU.ActiveCfg = Release|Any CPU
		{B90F3549-BE46-4BCC-942A-328AFCBF6F57}.Release|Any CPU.Build.0 = Release|Any CPU
		{04C95C83-267D-4524-99E4-349E34E72E80}.Debug|Any CPU.ActiveCfg = Debug|Any CPU
		{04C95C83-267D-4524-99E4-349E34E72E80}.Debug|Any CPU.Build.0 = Debug|Any CPU
		{04C95C83-267D-4524-99E4-349E34E72E80}.Release|Any CPU.ActiveCfg = Release|Any CPU
		{04C95C83-267D-4524-99E4-349E34E72E80}.Release|Any CPU.Build.0 = Release|Any CPU
		{EEFB10F9-33BA-427D-8AF3-6D9B31ED97DF}.Debug|Any CPU.ActiveCfg = Debug|Any CPU
		{EEFB10F9-33BA-427D-8AF3-6D9B31ED97DF}.Debug|Any CPU.Build.0 = Debug|Any CPU
		{EEFB10F9-33BA-427D-8AF3-6D9B31ED97DF}.Release|Any CPU.ActiveCfg = Release|Any CPU
		{EEFB10F9-33BA-427D-8AF3-6D9B31ED97DF}.Release|Any CPU.Build.0 = Release|Any CPU
		{8C000DF4-68CD-4E13-B641-A42744242776}.Debug|Any CPU.ActiveCfg = Debug|Any CPU
		{8C000DF4-68CD-4E13-B641-A42744242776}.Debug|Any CPU.Build.0 = Debug|Any CPU
		{8C000DF4-68CD-4E13-B641-A42744242776}.Release|Any CPU.ActiveCfg = Release|Any CPU
		{8C000DF4-68CD-4E13-B641-A42744242776}.Release|Any CPU.Build.0 = Release|Any CPU
		{D28A7016-B114-4BFD-9BBC-884BCE039DF5}.Debug|Any CPU.ActiveCfg = Debug|Any CPU
		{D28A7016-B114-4BFD-9BBC-884BCE039DF5}.Debug|Any CPU.Build.0 = Debug|Any CPU
		{D28A7016-B114-4BFD-9BBC-884BCE039DF5}.Release|Any CPU.ActiveCfg = Release|Any CPU
		{D28A7016-B114-4BFD-9BBC-884BCE039DF5}.Release|Any CPU.Build.0 = Release|Any CPU
	EndGlobalSection
	GlobalSection(SolutionProperties) = preSolution
		HideSolutionNode = FALSE
	EndGlobalSection
	GlobalSection(ExtensibilityGlobals) = postSolution
		SolutionGuid = {70A9CC35-E9D4-4D19-98B3-48574F7C7102}
	EndGlobalSection
EndGlobal
