
Microsoft Visual Studio Solution File, Format Version 12.00
# Visual Studio Version 17
VisualStudioVersion = 17.0.31521.260
MinimumVisualStudioVersion = 10.0.40219.1
Project("{9A19103F-16F7-4668-BE54-9A1E7A4F7556}") = "DotNet.Util", "DotNet.Util\DotNet.Util.csproj", "{F771F81A-DCC3-4D5F-9643-5184FE5B0E6F}"
EndProject
Project("{9A19103F-16F7-4668-BE54-9A1E7A4F7556}") = "DotNet.Util.Cache", "DotNet.Util.Cache\DotNet.Util.Cache.csproj", "{AB8BAAEF-A930-485C-A4E3-B0691688366C}"
EndProject
Project("{9A19103F-16F7-4668-BE54-9A1E7A4F7556}") = "DotNet.Util.Plus", "DotNet.Util.Plus\DotNet.Util.Plus.csproj", "{B7C52209-978A-437F-8A87-31A040CCE30E}"
EndProject
Project("{9A19103F-16F7-4668-BE54-9A1E7A4F7556}") = "DotNet.Util.Db", "DotNet.Util.Db\DotNet.Util.Db.csproj", "{B90F3549-BE46-4BCC-942A-328AFCBF6F57}"
EndProject
Project("{9A19103F-16F7-4668-BE54-9A1E7A4F7556}") = "DotNet.Model", "DotNet.Model\DotNet.Model.csproj", "{04C95C83-267D-4524-99E4-349E34E72E80}"
EndProject
Project("{9A19103F-16F7-4668-BE54-9A1E7A4F7556}") = "DotNet.Business", "DotNet.Business\DotNet.Business.csproj", "{EEFB10F9-33BA-427D-8AF3-6D9B31ED97DF}"
EndProject
Project("{9A19103F-16F7-4668-BE54-9A1E7A4F7556}") = "DotNet.Business.Web", "DotNet.Business.Web\DotNet.Business.Web.csproj", "{D28A7016-B114-4BFD-9BBC-884BCE039DF5}"
EndProject
Project("{9A19103F-16F7-4668-BE54-9A1E7A4F7556}") = "DotNet.Web.UI.BasePage", "DotNet.Web.UI.BasePage\DotNet.Web.UI.BasePage.csproj", "{8EAEAA97-2B65-4395-960F-38DF35F3741A}"
EndProject
Project("{9A19103F-16F7-4668-BE54-9A1E7A4F7556}") = "DotNet.Test", "DotNet.Test\DotNet.Test.csproj", "{4E145CE2-15B1-4DB4-8E48-B966536F5052}"
EndProject
Project("{FAE04EC0-301F-11D3-BF4B-00C04F79EFBC}") = "DotNet.Test.452", "DotNet.Test.452\DotNet.Test.452.csproj", "{A786B81D-2BDA-4CB5-9FBD-F3D6F991D806}"
EndProject
Project("{9A19103F-16F7-4668-BE54-9A1E7A4F7556}") = "DotNet.Util.Db.MySql", "DotNet.Util.Db.MySql\DotNet.Util.Db.MySql.csproj", "{C96E3016-8ADD-407E-B9A1-5F4D21B28E7E}"
EndProject
Project("{9A19103F-16F7-4668-BE54-9A1E7A4F7556}") = "DotNet.Util.Db.Oracle", "DotNet.Util.Db.Oracle\DotNet.Util.Db.Oracle.csproj", "{BF3A15B0-9A9D-49B6-B4A0-CA0D8544B893}"
EndProject
Project("{9A19103F-16F7-4668-BE54-9A1E7A4F7556}") = "DotNet.Util.Db.SQLite", "DotNet.Util.Db.SQLite\DotNet.Util.Db.SQLite.csproj", "{F4C5A52F-483D-4943-BEF6-7D26DB1FF180}"
EndProject
Project("{9A19103F-16F7-4668-BE54-9A1E7A4F7556}") = "DotNet.Util.Db.OleDb", "DotNet.Util.Db.OleDb\DotNet.Util.Db.OleDb.csproj", "{969C56E8-25FC-4DF8-95F1-EFD2BB07293D}"
EndProject
Project("{9A19103F-16F7-4668-BE54-9A1E7A4F7556}") = "DotNet.Util.Db.PostgreSql", "DotNet.Util.Db.PostgreSql\DotNet.Util.Db.PostgreSql.csproj", "{922040EE-2B14-49EF-B3AA-6F54A12B3566}"
EndProject
Global
	GlobalSection(SolutionConfigurationPlatforms) = preSolution
		Debug|Any CPU = Debug|Any CPU
		Release|Any CPU = Release|Any CPU
	EndGlobalSection
	GlobalSection(ProjectConfigurationPlatforms) = postSolution
		{F771F81A-DCC3-4D5F-9643-5184FE5B0E6F}.Debug|Any CPU.ActiveCfg = Debug|Any CPU
		{F771F81A-DCC3-4D5F-9643-5184FE5B0E6F}.Debug|Any CPU.Build.0 = Debug|Any CPU
		{F771F81A-DCC3-4D5F-9643-5184FE5B0E6F}.Release|Any CPU.ActiveCfg = Release|Any CPU
		{F771F81A-DCC3-4D5F-9643-5184FE5B0E6F}.Release|Any CPU.Build.0 = Release|Any CPU
		{AB8BAAEF-A930-485C-A4E3-B0691688366C}.Debug|Any CPU.ActiveCfg = Debug|Any CPU
		{AB8BAAEF-A930-485C-A4E3-B0691688366C}.Debug|Any CPU.Build.0 = Debug|Any CPU
		{AB8BAAEF-A930-485C-A4E3-B0691688366C}.Release|Any CPU.ActiveCfg = Release|Any CPU
		{AB8BAAEF-A930-485C-A4E3-B0691688366C}.Release|Any CPU.Build.0 = Release|Any CPU
		{B7C52209-978A-437F-8A87-31A040CCE30E}.Debug|Any CPU.ActiveCfg = Debug|Any CPU
		{B7C52209-978A-437F-8A87-31A040CCE30E}.Debug|Any CPU.Build.0 = Debug|Any CPU
		{B7C52209-978A-437F-8A87-31A040CCE30E}.Release|Any CPU.ActiveCfg = Release|Any CPU
		{B7C52209-978A-437F-8A87-31A040CCE30E}.Release|Any CPU.Build.0 = Release|Any CPU
		{B90F3549-BE46-4BCC-942A-328AFCBF6F57}.Debug|Any CPU.ActiveCfg = Debug|Any CPU
		{B90F3549-BE46-4BCC-942A-328AFCBF6F57}.Debug|Any CPU.Build.0 = Debug|Any CPU
		{B90F3549-BE46-4BCC-942A-328AFCBF6F57}.Release|Any CPU.ActiveCfg = Release|Any CPU
		{B90F3549-BE46-4BCC-942A-328AFCBF6F57}.Release|Any CPU.Build.0 = Release|Any CPU
		{04C95C83-267D-4524-99E4-349E34E72E80}.Debug|Any CPU.ActiveCfg = Debug|Any CPU
		{04C95C83-267D-4524-99E4-349E34E72E80}.Debug|Any CPU.Build.0 = Debug|Any CPU
		{04C95C83-267D-4524-99E4-349E34E72E80}.Release|Any CPU.ActiveCfg = Release|Any CPU
		{04C95C83-267D-4524-99E4-349E34E72E80}.Release|Any CPU.Build.0 = Release|Any CPU
		{EEFB10F9-33BA-427D-8AF3-6D9B31ED97DF}.Debug|Any CPU.ActiveCfg = Debug|Any CPU
		{EEFB10F9-33BA-427D-8AF3-6D9B31ED97DF}.Debug|Any CPU.Build.0 = Debug|Any CPU
		{EEFB10F9-33BA-427D-8AF3-6D9B31ED97DF}.Release|Any CPU.ActiveCfg = Release|Any CPU
		{EEFB10F9-33BA-427D-8AF3-6D9B31ED97DF}.Release|Any CPU.Build.0 = Release|Any CPU
		{D28A7016-B114-4BFD-9BBC-884BCE039DF5}.Debug|Any CPU.ActiveCfg = Debug|Any CPU
		{D28A7016-B114-4BFD-9BBC-884BCE039DF5}.Debug|Any CPU.Build.0 = Debug|Any CPU
		{D28A7016-B114-4BFD-9BBC-884BCE039DF5}.Release|Any CPU.ActiveCfg = Release|Any CPU
		{D28A7016-B114-4BFD-9BBC-884BCE039DF5}.Release|Any CPU.Build.0 = Release|Any CPU
		{8EAEAA97-2B65-4395-960F-38DF35F3741A}.Debug|Any CPU.ActiveCfg = Debug|Any CPU
		{8EAEAA97-2B65-4395-960F-38DF35F3741A}.Debug|Any CPU.Build.0 = Debug|Any CPU
		{8EAEAA97-2B65-4395-960F-38DF35F3741A}.Release|Any CPU.ActiveCfg = Release|Any CPU
		{8EAEAA97-2B65-4395-960F-38DF35F3741A}.Release|Any CPU.Build.0 = Release|Any CPU
		{4E145CE2-15B1-4DB4-8E48-B966536F5052}.Debug|Any CPU.ActiveCfg = Debug|Any CPU
		{4E145CE2-15B1-4DB4-8E48-B966536F5052}.Debug|Any CPU.Build.0 = Debug|Any CPU
		{4E145CE2-15B1-4DB4-8E48-B966536F5052}.Release|Any CPU.ActiveCfg = Release|Any CPU
		{4E145CE2-15B1-4DB4-8E48-B966536F5052}.Release|Any CPU.Build.0 = Release|Any CPU
		{A786B81D-2BDA-4CB5-9FBD-F3D6F991D806}.Debug|Any CPU.ActiveCfg = Debug|Any CPU
		{A786B81D-2BDA-4CB5-9FBD-F3D6F991D806}.Debug|Any CPU.Build.0 = Debug|Any CPU
		{A786B81D-2BDA-4CB5-9FBD-F3D6F991D806}.Release|Any CPU.ActiveCfg = Release|Any CPU
		{A786B81D-2BDA-4CB5-9FBD-F3D6F991D806}.Release|Any CPU.Build.0 = Release|Any CPU
		{C96E3016-8ADD-407E-B9A1-5F4D21B28E7E}.Debug|Any CPU.ActiveCfg = Debug|Any CPU
		{C96E3016-8ADD-407E-B9A1-5F4D21B28E7E}.Debug|Any CPU.Build.0 = Debug|Any CPU
		{C96E3016-8ADD-407E-B9A1-5F4D21B28E7E}.Release|Any CPU.ActiveCfg = Release|Any CPU
		{C96E3016-8ADD-407E-B9A1-5F4D21B28E7E}.Release|Any CPU.Build.0 = Release|Any CPU
		{BF3A15B0-9A9D-49B6-B4A0-CA0D8544B893}.Debug|Any CPU.ActiveCfg = Debug|Any CPU
		{BF3A15B0-9A9D-49B6-B4A0-CA0D8544B893}.Debug|Any CPU.Build.0 = Debug|Any CPU
		{BF3A15B0-9A9D-49B6-B4A0-CA0D8544B893}.Release|Any CPU.ActiveCfg = Release|Any CPU
		{BF3A15B0-9A9D-49B6-B4A0-CA0D8544B893}.Release|Any CPU.Build.0 = Release|Any CPU
		{F4C5A52F-483D-4943-BEF6-7D26DB1FF180}.Debug|Any CPU.ActiveCfg = Debug|Any CPU
		{F4C5A52F-483D-4943-BEF6-7D26DB1FF180}.Debug|Any CPU.Build.0 = Debug|Any CPU
		{F4C5A52F-483D-4943-BEF6-7D26DB1FF180}.Release|Any CPU.ActiveCfg = Release|Any CPU
		{F4C5A52F-483D-4943-BEF6-7D26DB1FF180}.Release|Any CPU.Build.0 = Release|Any CPU
		{969C56E8-25FC-4DF8-95F1-EFD2BB07293D}.Debug|Any CPU.ActiveCfg = Debug|Any CPU
		{969C56E8-25FC-4DF8-95F1-EFD2BB07293D}.Debug|Any CPU.Build.0 = Debug|Any CPU
		{969C56E8-25FC-4DF8-95F1-EFD2BB07293D}.Release|Any CPU.ActiveCfg = Release|Any CPU
		{969C56E8-25FC-4DF8-95F1-EFD2BB07293D}.Release|Any CPU.Build.0 = Release|Any CPU
		{922040EE-2B14-49EF-B3AA-6F54A12B3566}.Debug|Any CPU.ActiveCfg = Debug|Any CPU
		{922040EE-2B14-49EF-B3AA-6F54A12B3566}.Debug|Any CPU.Build.0 = Debug|Any CPU
		{922040EE-2B14-49EF-B3AA-6F54A12B3566}.Release|Any CPU.ActiveCfg = Release|Any CPU
		{922040EE-2B14-49EF-B3AA-6F54A12B3566}.Release|Any CPU.Build.0 = Release|Any CPU
	EndGlobalSection
	GlobalSection(SolutionProperties) = preSolution
		HideSolutionNode = FALSE
	EndGlobalSection
	GlobalSection(ExtensibilityGlobals) = postSolution
		SolutionGuid = {70A9CC35-E9D4-4D19-98B3-48574F7C7102}
	EndGlobalSection
EndGlobal
